// !$*UTF8*$!
{
	archiveVersion = 1;
	classes = {
	};
	objectVersion = 56;
	objects = {

/* Begin PBXBuildFile section */
		5119C5472B049A0600A1B3F0 /* HelloView.swift in Sources */ = {isa = PBXBuildFile; fileRef = 5119C5462B049A0600A1B3F0 /* HelloView.swift */; };
		5119C5492B04A01A00A1B3F0 /* Poppins-Regular.ttf in Resources */ = {isa = PBXBuildFile; fileRef = 5119C5482B04A01A00A1B3F0 /* Poppins-Regular.ttf */; };
		5119C54D2B04A08D00A1B3F0 /* Poppins-Bold.ttf in Resources */ = {isa = PBXBuildFile; fileRef = 5119C54C2B04A08D00A1B3F0 /* Poppins-Bold.ttf */; };
		5119C5532B04E6E300A1B3F0 /* SearchView.swift in Sources */ = {isa = PBXBuildFile; fileRef = 5119C5522B04E6E300A1B3F0 /* SearchView.swift */; };
		5119C5552B04EC0000A1B3F0 /* IconsView.swift in Sources */ = {isa = PBXBuildFile; fileRef = 5119C5542B04EBFF00A1B3F0 /* IconsView.swift */; };
		511CDB2C2B05D6AA009E9B7C /* CommentsView.swift in Sources */ = {isa = PBXBuildFile; fileRef = 511CDB2B2B05D6AA009E9B7C /* CommentsView.swift */; };
		511CDB2E2B0605D6009E9B7C /* BottomButtonsView.swift in Sources */ = {isa = PBXBuildFile; fileRef = 511CDB2D2B0605D6009E9B7C /* BottomButtonsView.swift */; };
		5131AF842B0512C9004E9A0D /* PersonView.swift in Sources */ = {isa = PBXBuildFile; fileRef = 5131AF832B0512C9004E9A0D /* PersonView.swift */; };
		513A7F632B03B418007E55FF /* ios_appApp.swift in Sources */ = {isa = PBXBuildFile; fileRef = 513A7F622B03B418007E55FF /* ios_appApp.swift */; };
		513A7F652B03B418007E55FF /* ContentView.swift in Sources */ = {isa = PBXBuildFile; fileRef = 513A7F642B03B418007E55FF /* ContentView.swift */; };
		513A7F672B03B41D007E55FF /* Assets.xcassets in Resources */ = {isa = PBXBuildFile; fileRef = 513A7F662B03B41D007E55FF /* Assets.xcassets */; };
		513A7F6B2B03B41D007E55FF /* Preview Assets.xcassets in Resources */ = {isa = PBXBuildFile; fileRef = 513A7F6A2B03B41D007E55FF /* Preview Assets.xcassets */; };
/* End PBXBuildFile section */

/* Begin PBXFileReference section */
		5119C5462B049A0600A1B3F0 /* HelloView.swift */ = {isa = PBXFileReference; lastKnownFileType = sourcecode.swift; path = HelloView.swift; sourceTree = "<group>"; };
		5119C5482B04A01A00A1B3F0 /* Poppins-Regular.ttf */ = {isa = PBXFileReference; lastKnownFileType = file; name = "Poppins-Regular.ttf"; path = "../../../../Downloads/Poppins/Poppins-Regular.ttf"; sourceTree = "<group>"; };
		5119C54C2B04A08D00A1B3F0 /* Poppins-Bold.ttf */ = {isa = PBXFileReference; lastKnownFileType = file; name = "Poppins-Bold.ttf"; path = "../../../../Downloads/Poppins/Poppins-Bold.ttf"; sourceTree = "<group>"; };
		5119C5522B04E6E300A1B3F0 /* SearchView.swift */ = {isa = PBXFileReference; lastKnownFileType = sourcecode.swift; path = SearchView.swift; sourceTree = "<group>"; };
		5119C5542B04EBFF00A1B3F0 /* IconsView.swift */ = {isa = PBXFileReference; lastKnownFileType = sourcecode.swift; path = IconsView.swift; sourceTree = "<group>"; };
		511CDB2B2B05D6AA009E9B7C /* CommentsView.swift */ = {isa = PBXFileReference; lastKnownFileType = sourcecode.swift; path = CommentsView.swift; sourceTree = "<group>"; };
		511CDB2D2B0605D6009E9B7C /* BottomButtonsView.swift */ = {isa = PBXFileReference; lastKnownFileType = sourcecode.swift; path = BottomButtonsView.swift; sourceTree = "<group>"; };
		5131AF832B0512C9004E9A0D /* PersonView.swift */ = {isa = PBXFileReference; lastKnownFileType = sourcecode.swift; path = PersonView.swift; sourceTree = "<group>"; };
		513A7F5F2B03B418007E55FF /* ios_app.app */ = {isa = PBXFileReference; explicitFileType = wrapper.application; includeInIndex = 0; path = ios_app.app; sourceTree = BUILT_PRODUCTS_DIR; };
		513A7F622B03B418007E55FF /* ios_appApp.swift */ = {isa = PBXFileReference; lastKnownFileType = sourcecode.swift; path = ios_appApp.swift; sourceTree = "<group>"; };
		513A7F642B03B418007E55FF /* ContentView.swift */ = {isa = PBXFileReference; lastKnownFileType = sourcecode.swift; path = ContentView.swift; sourceTree = "<group>"; };
		513A7F662B03B41D007E55FF /* Assets.xcassets */ = {isa = PBXFileReference; lastKnownFileType = folder.assetcatalog; path = Assets.xcassets; sourceTree = "<group>"; };
		513A7F682B03B41D007E55FF /* ios_app.entitlements */ = {isa = PBXFileReference; lastKnownFileType = text.plist.entitlements; path = ios_app.entitlements; sourceTree = "<group>"; };
		513A7F6A2B03B41D007E55FF /* Preview Assets.xcassets */ = {isa = PBXFileReference; lastKnownFileType = folder.assetcatalog; path = "Preview Assets.xcassets"; sourceTree = "<group>"; };
/* End PBXFileReference section */

/* Begin PBXFrameworksBuildPhase section */
		513A7F5C2B03B418007E55FF /* Frameworks */ = {
			isa = PBXFrameworksBuildPhase;
			buildActionMask = 2147483647;
			files = (
			);
			runOnlyForDeploymentPostprocessing = 0;
		};
/* End PBXFrameworksBuildPhase section */

/* Begin PBXGroup section */
		513A7F562B03B418007E55FF = {
			isa = PBXGroup;
			children = (
				513A7F612B03B418007E55FF /* ios_app */,
				513A7F602B03B418007E55FF /* Products */,
			);
			sourceTree = "<group>";
		};
		513A7F602B03B418007E55FF /* Products */ = {
			isa = PBXGroup;
			children = (
				513A7F5F2B03B418007E55FF /* ios_app.app */,
			);
			name = Products;
			sourceTree = "<group>";
		};
		513A7F612B03B418007E55FF /* ios_app */ = {
			isa = PBXGroup;
			children = (
				513A7F622B03B418007E55FF /* ios_appApp.swift */,
				513A7F642B03B418007E55FF /* ContentView.swift */,
				513A7F662B03B41D007E55FF /* Assets.xcassets */,
				513A7F682B03B41D007E55FF /* ios_app.entitlements */,
				513A7F692B03B41D007E55FF /* Preview Content */,
				5119C5462B049A0600A1B3F0 /* HelloView.swift */,
				5119C5482B04A01A00A1B3F0 /* Poppins-Regular.ttf */,
				5119C54C2B04A08D00A1B3F0 /* Poppins-Bold.ttf */,
				5119C5522B04E6E300A1B3F0 /* SearchView.swift */,
				5119C5542B04EBFF00A1B3F0 /* IconsView.swift */,
				5131AF832B0512C9004E9A0D /* PersonView.swift */,
				511CDB2B2B05D6AA009E9B7C /* CommentsView.swift */,
				511CDB2D2B0605D6009E9B7C /* BottomButtonsView.swift */,
			);
			path = ios_app;
			sourceTree = "<group>";
		};
		513A7F692B03B41D007E55FF /* Preview Content */ = {
			isa = PBXGroup;
			children = (
				513A7F6A2B03B41D007E55FF /* Preview Assets.xcassets */,
			);
			path = "Preview Content";
			sourceTree = "<group>";
		};
/* End PBXGroup section */

/* Begin PBXNativeTarget section */
		513A7F5E2B03B418007E55FF /* ios_app */ = {
			isa = PBXNativeTarget;
			buildConfigurationList = 513A7F6E2B03B41D007E55FF /* Build configuration list for PBXNativeTarget "ios_app" */;
			buildPhases = (
				513A7F5B2B03B418007E55FF /* Sources */,
				513A7F5C2B03B418007E55FF /* Frameworks */,
				513A7F5D2B03B418007E55FF /* Resources */,
			);
			buildRules = (
			);
			dependencies = (
			);
			name = ios_app;
			productName = ios_app;
			productReference = 513A7F5F2B03B418007E55FF /* ios_app.app */;
			productType = "com.apple.product-type.application";
		};
/* End PBXNativeTarget section */

/* Begin PBXProject section */
		513A7F572B03B418007E55FF /* Project object */ = {
			isa = PBXProject;
			attributes = {
				BuildIndependentTargetsInParallel = 1;
				LastSwiftUpdateCheck = 1430;
				LastUpgradeCheck = 1430;
				TargetAttributes = {
					513A7F5E2B03B418007E55FF = {
						CreatedOnToolsVersion = 14.3.1;
					};
				};
			};
			buildConfigurationList = 513A7F5A2B03B418007E55FF /* Build configuration list for PBXProject "ios_app" */;
			compatibilityVersion = "Xcode 14.0";
			developmentRegion = en;
			hasScannedForEncodings = 0;
			knownRegions = (
				en,
				Base,
			);
			mainGroup = 513A7F562B03B418007E55FF;
			productRefGroup = 513A7F602B03B418007E55FF /* Products */;
			projectDirPath = "";
			projectRoot = "";
			targets = (
				513A7F5E2B03B418007E55FF /* ios_app */,
			);
		};
/* End PBXProject section */

/* Begin PBXResourcesBuildPhase section */
		513A7F5D2B03B418007E55FF /* Resources */ = {
			isa = PBXResourcesBuildPhase;
			buildActionMask = 2147483647;
			files = (
				5119C5492B04A01A00A1B3F0 /* Poppins-Regular.ttf in Resources */,
				513A7F6B2B03B41D007E55FF /* Preview Assets.xcassets in Resources */,
				513A7F672B03B41D007E55FF /* Assets.xcassets in Resources */,
				5119C54D2B04A08D00A1B3F0 /* Poppins-Bold.ttf in Resources */,
			);
			runOnlyForDeploymentPostprocessing = 0;
		};
/* End PBXResourcesBuildPhase section */

/* Begin PBXSourcesBuildPhase section */
		513A7F5B2B03B418007E55FF /* Sources */ = {
			isa = PBXSourcesBuildPhase;
			buildActionMask = 2147483647;
			files = (
				5119C5532B04E6E300A1B3F0 /* SearchView.swift in Sources */,
				511CDB2E2B0605D6009E9B7C /* BottomButtonsView.swift in Sources */,
				5131AF842B0512C9004E9A0D /* PersonView.swift in Sources */,
				5119C5472B049A0600A1B3F0 /* HelloView.swift in Sources */,
				5119C5552B04EC0000A1B3F0 /* IconsView.swift in Sources */,
				513A7F652B03B418007E55FF /* ContentView.swift in Sources */,
				511CDB2C2B05D6AA009E9B7C /* CommentsView.swift in Sources */,
				513A7F632B03B418007E55FF /* ios_appApp.swift in Sources */,
			);
			runOnlyForDeploymentPostprocessing = 0;
		};
/* End PBXSourcesBuildPhase section */

/* Begin XCBuildConfiguration section */
		513A7F6C2B03B41D007E55FF /* Debug */ = {
			isa = XCBuildConfiguration;
			buildSettings = {
				ALWAYS_SEARCH_USER_PATHS = NO;
				CLANG_ANALYZER_NONNULL = YES;
				CLANG_ANALYZER_NUMBER_OBJECT_CONVERSION = YES_AGGRESSIVE;
				CLANG_CXX_LANGUAGE_STANDARD = "gnu++20";
				CLANG_ENABLE_MODULES = YES;
				CLANG_ENABLE_OBJC_ARC = YES;
				CLANG_ENABLE_OBJC_WEAK = YES;
				CLANG_WARN_BLOCK_CAPTURE_AUTORELEASING = YES;
				CLANG_WARN_BOOL_CONVERSION = YES;
				CLANG_WARN_COMMA = YES;
				CLANG_WARN_CONSTANT_CONVERSION = YES;
				CLANG_WARN_DEPRECATED_OBJC_IMPLEMENTATIONS = YES;
				CLANG_WARN_DIRECT_OBJC_ISA_USAGE = YES_ERROR;
				CLANG_WARN_DOCUMENTATION_COMMENTS = YES;
				CLANG_WARN_EMPTY_BODY = YES;
				CLANG_WARN_ENUM_CONVERSION = YES;
				CLANG_WARN_INFINITE_RECURSION = YES;
				CLANG_WARN_INT_CONVERSION = YES;
				CLANG_WARN_NON_LITERAL_NULL_CONVERSION = YES;
				CLANG_WARN_OBJC_IMPLICIT_RETAIN_SELF = YES;
				CLANG_WARN_OBJC_LITERAL_CONVERSION = YES;
				CLANG_WARN_OBJC_ROOT_CLASS = YES_ERROR;
				CLANG_WARN_QUOTED_INCLUDE_IN_FRAMEWORK_HEADER = YES;
				CLANG_WARN_RANGE_LOOP_ANALYSIS = YES;
				CLANG_WARN_STRICT_PROTOTYPES = YES;
				CLANG_WARN_SUSPICIOUS_MOVE = YES;
				CLANG_WARN_UNGUARDED_AVAILABILITY = YES_AGGRESSIVE;
				CLANG_WARN_UNREACHABLE_CODE = YES;
				CLANG_WARN__DUPLICATE_METHOD_MATCH = YES;
				COPY_PHASE_STRIP = NO;
				DEBUG_INFORMATION_FORMAT = dwarf;
				ENABLE_STRICT_OBJC_MSGSEND = YES;
				ENABLE_TESTABILITY = YES;
				GCC_C_LANGUAGE_STANDARD = gnu11;
				GCC_DYNAMIC_NO_PIC = NO;
				GCC_NO_COMMON_BLOCKS = YES;
				GCC_OPTIMIZATION_LEVEL = 0;
				GCC_PREPROCESSOR_DEFINITIONS = (
					"DEBUG=1",
					"$(inherited)",
				);
				GCC_WARN_64_TO_32_BIT_CONVERSION = YES;
				GCC_WARN_ABOUT_RETURN_TYPE = YES_ERROR;
				GCC_WARN_UNDECLARED_SELECTOR = YES;
				GCC_WARN_UNINITIALIZED_AUTOS = YES_AGGRESSIVE;
				GCC_WARN_UNUSED_FUNCTION = YES;
				GCC_WARN_UNUSED_VARIABLE = YES;
				MTL_ENABLE_DEBUG_INFO = INCLUDE_SOURCE;
				MTL_FAST_MATH = YES;
				ONLY_ACTIVE_ARCH = YES;
				SWIFT_ACTIVE_COMPILATION_CONDITIONS = DEBUG;
				SWIFT_OPTIMIZATION_LEVEL = "-Onone";
			};
			name = Debug;
		};
		513A7F6D2B03B41D007E55FF /* Release */ = {
			isa = XCBuildConfiguration;
			buildSettings = {
				ALWAYS_SEARCH_USER_PATHS = NO;
				CLANG_ANALYZER_NONNULL = YES;
				CLANG_ANALYZER_NUMBER_OBJECT_CONVERSION = YES_AGGRESSIVE;
				CLANG_CXX_LANGUAGE_STANDARD = "gnu++20";
				CLANG_ENABLE_MODULES = YES;
				CLANG_ENABLE_OBJC_ARC = YES;
				CLANG_ENABLE_OBJC_WEAK = YES;
				CLANG_WARN_BLOCK_CAPTURE_AUTORELEASING = YES;
				CLANG_WARN_BOOL_CONVERSION = YES;
				CLANG_WARN_COMMA = YES;
				CLANG_WARN_CONSTANT_CONVERSION = YES;
				CLANG_WARN_DEPRECATED_OBJC_IMPLEMENTATIONS = YES;
				CLANG_WARN_DIRECT_OBJC_ISA_USAGE = YES_ERROR;
				CLANG_WARN_DOCUMENTATION_COMMENTS = YES;
				CLANG_WARN_EMPTY_BODY = YES;
				CLANG_WARN_ENUM_CONVERSION = YES;
				CLANG_WARN_INFINITE_RECURSION = YES;
				CLANG_WARN_INT_CONVERSION = YES;
				CLANG_WARN_NON_LITERAL_NULL_CONVERSION = YES;
				CLANG_WARN_OBJC_IMPLICIT_RETAIN_SELF = YES;
				CLANG_WARN_OBJC_LITERAL_CONVERSION = YES;
				CLANG_WARN_OBJC_ROOT_CLASS = YES_ERROR;
				CLANG_WARN_QUOTED_INCLUDE_IN_FRAMEWORK_HEADER = YES;
				CLANG_WARN_RANGE_LOOP_ANALYSIS = YES;
				CLANG_WARN_STRICT_PROTOTYPES = YES;
				CLANG_WARN_SUSPICIOUS_MOVE = YES;
				CLANG_WARN_UNGUARDED_AVAILABILITY = YES_AGGRESSIVE;
				CLANG_WARN_UNREACHABLE_CODE = YES;
				CLANG_WARN__DUPLICATE_METHOD_MATCH = YES;
				COPY_PHASE_STRIP = NO;
				DEBUG_INFORMATION_FORMAT = "dwarf-with-dsym";
				ENABLE_NS_ASSERTIONS = NO;
				ENABLE_STRICT_OBJC_MSGSEND = YES;
				GCC_C_LANGUAGE_STANDARD = gnu11;
				GCC_NO_COMMON_BLOCKS = YES;
				GCC_WARN_64_TO_32_BIT_CONVERSION = YES;
				GCC_WARN_ABOUT_RETURN_TYPE = YES_ERROR;
				GCC_WARN_UNDECLARED_SELECTOR = YES;
				GCC_WARN_UNINITIALIZED_AUTOS = YES_AGGRESSIVE;
				GCC_WARN_UNUSED_FUNCTION = YES;
				GCC_WARN_UNUSED_VARIABLE = YES;
				MTL_ENABLE_DEBUG_INFO = NO;
				MTL_FAST_MATH = YES;
				SWIFT_COMPILATION_MODE = wholemodule;
				SWIFT_OPTIMIZATION_LEVEL = "-O";
			};
			name = Release;
		};
		513A7F6F2B03B41D007E55FF /* Debug */ = {
			isa = XCBuildConfiguration;
			buildSettings = {
				ASSETCATALOG_COMPILER_APPICON_NAME = AppIcon;
				ASSETCATALOG_COMPILER_GLOBAL_ACCENT_COLOR_NAME = AccentColor;
				CODE_SIGN_ENTITLEMENTS = ios_app/ios_app.entitlements;
				CODE_SIGN_STYLE = Automatic;
				CURRENT_PROJECT_VERSION = 1;
				DEVELOPMENT_ASSET_PATHS = "\"ios_app/Preview Content\"";
				ENABLE_PREVIEWS = YES;
				GENERATE_INFOPLIST_FILE = YES;
				"INFOPLIST_KEY_UIApplicationSceneManifest_Generation[sdk=iphoneos*]" = YES;
				"INFOPLIST_KEY_UIApplicationSceneManifest_Generation[sdk=iphonesimulator*]" = YES;
				"INFOPLIST_KEY_UIApplicationSupportsIndirectInputEvents[sdk=iphoneos*]" = YES;
				"INFOPLIST_KEY_UIApplicationSupportsIndirectInputEvents[sdk=iphonesimulator*]" = YES;
				"INFOPLIST_KEY_UILaunchScreen_Generation[sdk=iphoneos*]" = YES;
				"INFOPLIST_KEY_UILaunchScreen_Generation[sdk=iphonesimulator*]" = YES;
				"INFOPLIST_KEY_UIStatusBarStyle[sdk=iphoneos*]" = UIStatusBarStyleDefault;
				"INFOPLIST_KEY_UIStatusBarStyle[sdk=iphonesimulator*]" = UIStatusBarStyleDefault;
				INFOPLIST_KEY_UISupportedInterfaceOrientations_iPad = "UIInterfaceOrientationPortrait UIInterfaceOrientationPortraitUpsideDown UIInterfaceOrientationLandscapeLeft UIInterfaceOrientationLandscapeRight";
				INFOPLIST_KEY_UISupportedInterfaceOrientations_iPhone = "UIInterfaceOrientationPortrait UIInterfaceOrientationLandscapeLeft UIInterfaceOrientationLandscapeRight";
				IPHONEOS_DEPLOYMENT_TARGET = 16.4;
				LD_RUNPATH_SEARCH_PATHS = "@executable_path/Frameworks";
				"LD_RUNPATH_SEARCH_PATHS[sdk=macosx*]" = "@executable_path/../Frameworks";
				MACOSX_DEPLOYMENT_TARGET = 13.0;
				MARKETING_VERSION = 1.0;
				PRODUCT_BUNDLE_IDENTIFIER = "sonya.ios-app";
				PRODUCT_NAME = "$(TARGET_NAME)";
				SDKROOT = auto;
				SUPPORTED_PLATFORMS = "iphoneos iphonesimulator macosx";
				SWIFT_EMIT_LOC_STRINGS = YES;
				SWIFT_VERSION = 5.0;
				TARGETED_DEVICE_FAMILY = "1,2";
			};
			name = Debug;
		};
		513A7F702B03B41D007E55FF /* Release */ = {
			isa = XCBuildConfiguration;
			buildSettings = {
				ASSETCATALOG_COMPILER_APPICON_NAME = AppIcon;
				ASSETCATALOG_COMPILER_GLOBAL_ACCENT_COLOR_NAME = AccentColor;
				CODE_SIGN_ENTITLEMENTS = ios_app/ios_app.entitlements;
				CODE_SIGN_STYLE = Automatic;
				CURRENT_PROJECT_VERSION = 1;
				DEVELOPMENT_ASSET_PATHS = "\"ios_app/Preview Content\"";
				ENABLE_PREVIEWS = YES;
				GENERATE_INFOPLIST_FILE = YES;
				"INFOPLIST_KEY_UIApplicationSceneManifest_Generation[sdk=iphoneos*]" = YES;
				"INFOPLIST_KEY_UIApplicationSceneManifest_Generation[sdk=iphonesimulator*]" = YES;
				"INFOPLIST_KEY_UIApplicationSupportsIndirectInputEvents[sdk=iphoneos*]" = YES;
				"INFOPLIST_KEY_UIApplicationSupportsIndirectInputEvents[sdk=iphonesimulator*]" = YES;
				"INFOPLIST_KEY_UILaunchScreen_Generation[sdk=iphoneos*]" = YES;
				"INFOPLIST_KEY_UILaunchScreen_Generation[sdk=iphonesimulator*]" = YES;
				"INFOPLIST_KEY_UIStatusBarStyle[sdk=iphoneos*]" = UIStatusBarStyleDefault;
				"INFOPLIST_KEY_UIStatusBarStyle[sdk=iphonesimulator*]" = UIStatusBarStyleDefault;
				INFOPLIST_KEY_UISupportedInterfaceOrientations_iPad = "UIInterfaceOrientationPortrait UIInterfaceOrientationPortraitUpsideDown UIInterfaceOrientationLandscapeLeft UIInterfaceOrientationLandscapeRight";
				INFOPLIST_KEY_UISupportedInterfaceOrientations_iPhone = "UIInterfaceOrientationPortrait UIInterfaceOrientationLandscapeLeft UIInterfaceOrientationLandscapeRight";
				IPHONEOS_DEPLOYMENT_TARGET = 16.4;
				LD_RUNPATH_SEARCH_PATHS = "@executable_path/Frameworks";
				"LD_RUNPATH_SEARCH_PATHS[sdk=macosx*]" = "@executable_path/../Frameworks";
				MACOSX_DEPLOYMENT_TARGET = 13.0;
				MARKETING_VERSION = 1.0;
				PRODUCT_BUNDLE_IDENTIFIER = "sonya.ios-app";
				PRODUCT_NAME = "$(TARGET_NAME)";
				SDKROOT = auto;
				SUPPORTED_PLATFORMS = "iphoneos iphonesimulator macosx";
				SWIFT_EMIT_LOC_STRINGS = YES;
				SWIFT_VERSION = 5.0;
				TARGETED_DEVICE_FAMILY = "1,2";
			};
			name = Release;
		};
/* End XCBuildConfiguration section */

/* Begin XCConfigurationList section */
		513A7F5A2B03B418007E55FF /* Build configuration list for PBXProject "ios_app" */ = {
			isa = XCConfigurationList;
			buildConfigurations = (
				513A7F6C2B03B41D007E55FF /* Debug */,
				513A7F6D2B03B41D007E55FF /* Release */,
			);
			defaultConfigurationIsVisible = 0;
			defaultConfigurationName = Release;
		};
		513A7F6E2B03B41D007E55FF /* Build configuration list for PBXNativeTarget "ios_app" */ = {
			isa = XCConfigurationList;
			buildConfigurations = (
				513A7F6F2B03B41D007E55FF /* Debug */,
				513A7F702B03B41D007E55FF /* Release */,
			);
			defaultConfigurationIsVisible = 0;
			defaultConfigurationName = Release;
		};
/* End XCConfigurationList section */
	};
	rootObject = 513A7F572B03B418007E55FF /* Project object */;
}
